// !$*UTF8*$!
{
	archiveVersion = 1;
	classes = {
	};
	objectVersion = 56;
	objects = {

/* Begin PBXBuildFile section */
		0432A98F2914598100F5083F /* AvailableGroupTableViewController.swift in Sources */ = {isa = PBXBuildFile; fileRef = 0432A98E2914598100F5083F /* AvailableGroupTableViewController.swift */; };
		0432A99129145B9E00F5083F /* AvailableGroupTableViewCell.swift in Sources */ = {isa = PBXBuildFile; fileRef = 0432A99029145B9E00F5083F /* AvailableGroupTableViewCell.swift */; };
		0432A9972914919C00F5083F /* FriendView.swift in Sources */ = {isa = PBXBuildFile; fileRef = 0432A9962914919C00F5083F /* FriendView.swift */; };
		0432A99929149DCC00F5083F /* LikeControl.swift in Sources */ = {isa = PBXBuildFile; fileRef = 0432A99829149DCC00F5083F /* LikeControl.swift */; };
		044DB4E62911AAA800E4D595 /* UITextField+Extension.swift in Sources */ = {isa = PBXBuildFile; fileRef = 044DB4E52911AAA800E4D595 /* UITextField+Extension.swift */; };
		044DB4E82912C8E100E4D595 /* UIViewController+Extension.swift in Sources */ = {isa = PBXBuildFile; fileRef = 044DB4E72912C8E100E4D595 /* UIViewController+Extension.swift */; };
		046DC32A291443A600EE7E86 /* Group.swift in Sources */ = {isa = PBXBuildFile; fileRef = 046DC329291443A600EE7E86 /* Group.swift */; };
		046DC32E2914452A00EE7E86 /* GroupTableViewController.swift in Sources */ = {isa = PBXBuildFile; fileRef = 046DC32D2914452A00EE7E86 /* GroupTableViewController.swift */; };
		046DC33029144B5000EE7E86 /* GroupTableViewCell.swift in Sources */ = {isa = PBXBuildFile; fileRef = 046DC32F29144B5000EE7E86 /* GroupTableViewCell.swift */; };
		048E3342291311C400BB1B47 /* FriendsTableViewCell.swift in Sources */ = {isa = PBXBuildFile; fileRef = 048E3341291311C400BB1B47 /* FriendsTableViewCell.swift */; };
		048E33442913125E00BB1B47 /* FriendsTableViewController.swift in Sources */ = {isa = PBXBuildFile; fileRef = 048E33432913125E00BB1B47 /* FriendsTableViewController.swift */; };
		048E3346291315C400BB1B47 /* User.swift in Sources */ = {isa = PBXBuildFile; fileRef = 048E3345291315C400BB1B47 /* User.swift */; };
		048E334829132AB100BB1B47 /* FriendPhotosCollectionViewController.swift in Sources */ = {isa = PBXBuildFile; fileRef = 048E334729132AB100BB1B47 /* FriendPhotosCollectionViewController.swift */; };
		048E334A29132B2600BB1B47 /* FriendPhotoCollectionViewCell.swift in Sources */ = {isa = PBXBuildFile; fileRef = 048E334929132B2600BB1B47 /* FriendPhotoCollectionViewCell.swift */; };
		04DAD11629104BB100450FF0 /* AppDelegate.swift in Sources */ = {isa = PBXBuildFile; fileRef = 04DAD11529104BB100450FF0 /* AppDelegate.swift */; };
		04DAD11829104BB100450FF0 /* SceneDelegate.swift in Sources */ = {isa = PBXBuildFile; fileRef = 04DAD11729104BB100450FF0 /* SceneDelegate.swift */; };
		04DAD11A29104BB100450FF0 /* SignInViewController.swift in Sources */ = {isa = PBXBuildFile; fileRef = 04DAD11929104BB100450FF0 /* SignInViewController.swift */; };
		04DAD11D29104BB100450FF0 /* Main.storyboard in Resources */ = {isa = PBXBuildFile; fileRef = 04DAD11B29104BB100450FF0 /* Main.storyboard */; };
		04DAD11F29104BB400450FF0 /* Assets.xcassets in Resources */ = {isa = PBXBuildFile; fileRef = 04DAD11E29104BB400450FF0 /* Assets.xcassets */; };
		04DAD12229104BB400450FF0 /* LaunchScreen.storyboard in Resources */ = {isa = PBXBuildFile; fileRef = 04DAD12029104BB400450FF0 /* LaunchScreen.storyboard */; };
/* End PBXBuildFile section */

/* Begin PBXFileReference section */
		0432A98E2914598100F5083F /* AvailableGroupTableViewController.swift */ = {isa = PBXFileReference; lastKnownFileType = sourcecode.swift; path = AvailableGroupTableViewController.swift; sourceTree = "<group>"; };
		0432A99029145B9E00F5083F /* AvailableGroupTableViewCell.swift */ = {isa = PBXFileReference; lastKnownFileType = sourcecode.swift; path = AvailableGroupTableViewCell.swift; sourceTree = "<group>"; };
		0432A9962914919C00F5083F /* FriendView.swift */ = {isa = PBXFileReference; lastKnownFileType = sourcecode.swift; path = FriendView.swift; sourceTree = "<group>"; };
		0432A99829149DCC00F5083F /* LikeControl.swift */ = {isa = PBXFileReference; lastKnownFileType = sourcecode.swift; path = LikeControl.swift; sourceTree = "<group>"; };
		044DB4E52911AAA800E4D595 /* UITextField+Extension.swift */ = {isa = PBXFileReference; lastKnownFileType = sourcecode.swift; path = "UITextField+Extension.swift"; sourceTree = "<group>"; };
		044DB4E72912C8E100E4D595 /* UIViewController+Extension.swift */ = {isa = PBXFileReference; lastKnownFileType = sourcecode.swift; path = "UIViewController+Extension.swift"; sourceTree = "<group>"; };
		046DC329291443A600EE7E86 /* Group.swift */ = {isa = PBXFileReference; lastKnownFileType = sourcecode.swift; path = Group.swift; sourceTree = "<group>"; };
		046DC32D2914452A00EE7E86 /* GroupTableViewController.swift */ = {isa = PBXFileReference; lastKnownFileType = sourcecode.swift; path = GroupTableViewController.swift; sourceTree = "<group>"; };
		046DC32F29144B5000EE7E86 /* GroupTableViewCell.swift */ = {isa = PBXFileReference; lastKnownFileType = sourcecode.swift; path = GroupTableViewCell.swift; sourceTree = "<group>"; };
		048E3341291311C400BB1B47 /* FriendsTableViewCell.swift */ = {isa = PBXFileReference; lastKnownFileType = sourcecode.swift; path = FriendsTableViewCell.swift; sourceTree = "<group>"; };
		048E33432913125E00BB1B47 /* FriendsTableViewController.swift */ = {isa = PBXFileReference; lastKnownFileType = sourcecode.swift; path = FriendsTableViewController.swift; sourceTree = "<group>"; };
		048E3345291315C400BB1B47 /* User.swift */ = {isa = PBXFileReference; lastKnownFileType = sourcecode.swift; path = User.swift; sourceTree = "<group>"; };
		048E334729132AB100BB1B47 /* FriendPhotosCollectionViewController.swift */ = {isa = PBXFileReference; lastKnownFileType = sourcecode.swift; path = FriendPhotosCollectionViewController.swift; sourceTree = "<group>"; };
		048E334929132B2600BB1B47 /* FriendPhotoCollectionViewCell.swift */ = {isa = PBXFileReference; lastKnownFileType = sourcecode.swift; path = FriendPhotoCollectionViewCell.swift; sourceTree = "<group>"; };
		04DAD11229104BB100450FF0 /* RoadMap_VK.app */ = {isa = PBXFileReference; explicitFileType = wrapper.application; includeInIndex = 0; path = RoadMap_VK.app; sourceTree = BUILT_PRODUCTS_DIR; };
		04DAD11529104BB100450FF0 /* AppDelegate.swift */ = {isa = PBXFileReference; lastKnownFileType = sourcecode.swift; path = AppDelegate.swift; sourceTree = "<group>"; };
		04DAD11729104BB100450FF0 /* SceneDelegate.swift */ = {isa = PBXFileReference; lastKnownFileType = sourcecode.swift; path = SceneDelegate.swift; sourceTree = "<group>"; };
		04DAD11929104BB100450FF0 /* SignInViewController.swift */ = {isa = PBXFileReference; lastKnownFileType = sourcecode.swift; path = SignInViewController.swift; sourceTree = "<group>"; };
		04DAD11C29104BB100450FF0 /* Base */ = {isa = PBXFileReference; lastKnownFileType = file.storyboard; name = Base; path = Base.lproj/Main.storyboard; sourceTree = "<group>"; };
		04DAD11E29104BB400450FF0 /* Assets.xcassets */ = {isa = PBXFileReference; lastKnownFileType = folder.assetcatalog; path = Assets.xcassets; sourceTree = "<group>"; };
		04DAD12129104BB400450FF0 /* Base */ = {isa = PBXFileReference; lastKnownFileType = file.storyboard; name = Base; path = Base.lproj/LaunchScreen.storyboard; sourceTree = "<group>"; };
		04DAD12329104BB400450FF0 /* Info.plist */ = {isa = PBXFileReference; lastKnownFileType = text.plist.xml; path = Info.plist; sourceTree = "<group>"; };
/* End PBXFileReference section */

/* Begin PBXFrameworksBuildPhase section */
		04DAD10F29104BB100450FF0 /* Frameworks */ = {
			isa = PBXFrameworksBuildPhase;
			buildActionMask = 2147483647;
			files = (
			);
			runOnlyForDeploymentPostprocessing = 0;
		};
/* End PBXFrameworksBuildPhase section */

/* Begin PBXGroup section */
		0432A9952914916300F5083F /* View */ = {
			isa = PBXGroup;
			children = (
				0432A9962914919C00F5083F /* FriendView.swift */,
				0432A99829149DCC00F5083F /* LikeControl.swift */,
			);
			path = View;
			sourceTree = "<group>";
		};
		044DB4E92912CB1A00E4D595 /* Extensions */ = {
			isa = PBXGroup;
			children = (
				044DB4E72912C8E100E4D595 /* UIViewController+Extension.swift */,
				044DB4E52911AAA800E4D595 /* UITextField+Extension.swift */,
			);
			path = Extensions;
			sourceTree = "<group>";
		};
		046DC32B291443D800EE7E86 /* Controllers */ = {
			isa = PBXGroup;
			children = (
				04DAD11929104BB100450FF0 /* SignInViewController.swift */,
				048E33432913125E00BB1B47 /* FriendsTableViewController.swift */,
				048E334729132AB100BB1B47 /* FriendPhotosCollectionViewController.swift */,
				046DC32D2914452A00EE7E86 /* GroupTableViewController.swift */,
				0432A98E2914598100F5083F /* AvailableGroupTableViewController.swift */,
			);
			path = Controllers;
			sourceTree = "<group>";
		};
		046DC32C291443E500EE7E86 /* Cells */ = {
			isa = PBXGroup;
			children = (
				048E3341291311C400BB1B47 /* FriendsTableViewCell.swift */,
				048E334929132B2600BB1B47 /* FriendPhotoCollectionViewCell.swift */,
				046DC32F29144B5000EE7E86 /* GroupTableViewCell.swift */,
				0432A99029145B9E00F5083F /* AvailableGroupTableViewCell.swift */,
			);
			path = Cells;
			sourceTree = "<group>";
		};
		048E334B2913313E00BB1B47 /* Model */ = {
			isa = PBXGroup;
			children = (
				048E3345291315C400BB1B47 /* User.swift */,
				046DC329291443A600EE7E86 /* Group.swift */,
			);
			path = Model;
			sourceTree = "<group>";
		};
		04DAD10929104BB100450FF0 = {
			isa = PBXGroup;
			children = (
				04DAD11429104BB100450FF0 /* RoadMap_VK */,
				04DAD11329104BB100450FF0 /* Products */,
			);
			sourceTree = "<group>";
		};
		04DAD11329104BB100450FF0 /* Products */ = {
			isa = PBXGroup;
			children = (
				04DAD11229104BB100450FF0 /* RoadMap_VK.app */,
			);
			name = Products;
			sourceTree = "<group>";
		};
		04DAD11429104BB100450FF0 /* RoadMap_VK */ = {
			isa = PBXGroup;
			children = (
				0432A9952914916300F5083F /* View */,
				04DAD11529104BB100450FF0 /* AppDelegate.swift */,
				04DAD11729104BB100450FF0 /* SceneDelegate.swift */,
				04DAD11B29104BB100450FF0 /* Main.storyboard */,
				04DAD11E29104BB400450FF0 /* Assets.xcassets */,
				04DAD12029104BB400450FF0 /* LaunchScreen.storyboard */,
				04DAD12329104BB400450FF0 /* Info.plist */,
				048E334B2913313E00BB1B47 /* Model */,
				046DC32B291443D800EE7E86 /* Controllers */,
				046DC32C291443E500EE7E86 /* Cells */,
				044DB4E92912CB1A00E4D595 /* Extensions */,
			);
			path = RoadMap_VK;
			sourceTree = "<group>";
		};
/* End PBXGroup section */

/* Begin PBXNativeTarget section */
		04DAD11129104BB100450FF0 /* RoadMap_VK */ = {
			isa = PBXNativeTarget;
			buildConfigurationList = 04DAD12629104BB400450FF0 /* Build configuration list for PBXNativeTarget "RoadMap_VK" */;
			buildPhases = (
				04DAD10E29104BB100450FF0 /* Sources */,
				04DAD10F29104BB100450FF0 /* Frameworks */,
				04DAD11029104BB100450FF0 /* Resources */,
				04DAD12A29104CAE00450FF0 /* SwiftFormatter */,
				04DAD12929104C5A00450FF0 /* SwiftLint */,
			);
			buildRules = (
			);
			dependencies = (
			);
			name = RoadMap_VK;
			productName = RoadMap_VK;
			productReference = 04DAD11229104BB100450FF0 /* RoadMap_VK.app */;
			productType = "com.apple.product-type.application";
		};
/* End PBXNativeTarget section */

/* Begin PBXProject section */
		04DAD10A29104BB100450FF0 /* Project object */ = {
			isa = PBXProject;
			attributes = {
				BuildIndependentTargetsInParallel = 1;
				LastSwiftUpdateCheck = 1400;
				LastUpgradeCheck = 1400;
				TargetAttributes = {
					04DAD11129104BB100450FF0 = {
						CreatedOnToolsVersion = 14.0.1;
					};
				};
			};
			buildConfigurationList = 04DAD10D29104BB100450FF0 /* Build configuration list for PBXProject "RoadMap_VK" */;
			compatibilityVersion = "Xcode 14.0";
			developmentRegion = en;
			hasScannedForEncodings = 0;
			knownRegions = (
				en,
				Base,
			);
			mainGroup = 04DAD10929104BB100450FF0;
			productRefGroup = 04DAD11329104BB100450FF0 /* Products */;
			projectDirPath = "";
			projectRoot = "";
			targets = (
				04DAD11129104BB100450FF0 /* RoadMap_VK */,
			);
		};
/* End PBXProject section */

/* Begin PBXResourcesBuildPhase section */
		04DAD11029104BB100450FF0 /* Resources */ = {
			isa = PBXResourcesBuildPhase;
			buildActionMask = 2147483647;
			files = (
				04DAD12229104BB400450FF0 /* LaunchScreen.storyboard in Resources */,
				04DAD11F29104BB400450FF0 /* Assets.xcassets in Resources */,
				04DAD11D29104BB100450FF0 /* Main.storyboard in Resources */,
			);
			runOnlyForDeploymentPostprocessing = 0;
		};
/* End PBXResourcesBuildPhase section */

/* Begin PBXShellScriptBuildPhase section */
		04DAD12929104C5A00450FF0 /* SwiftLint */ = {
			isa = PBXShellScriptBuildPhase;
			buildActionMask = 12;
			files = (
			);
			inputFileListPaths = (
			);
			inputPaths = (
			);
			name = SwiftLint;
			outputFileListPaths = (
			);
			outputPaths = (
			);
			runOnlyForDeploymentPostprocessing = 0;
			shellPath = /bin/sh;
			shellScript = "export PATH=\"$PATH:/opt/homebrew/bin\"\nif which swiftlint > /dev/null; then\n  swiftlint\nelse\n  echo \"warning: SwiftLint not installed, download from https://github.com/realm/SwiftLint\"\nfi\n\n";
		};
		04DAD12A29104CAE00450FF0 /* SwiftFormatter */ = {
			isa = PBXShellScriptBuildPhase;
			buildActionMask = 12;
			files = (
			);
			inputFileListPaths = (
			);
			inputPaths = (
			);
			name = SwiftFormatter;
			outputFileListPaths = (
			);
			outputPaths = (
			);
			runOnlyForDeploymentPostprocessing = 0;
			shellPath = /bin/sh;
			shellScript = "export PATH=\"$PATH:/opt/homebrew/bin\"\nif which swiftformat >/dev/null; then\n  swiftformat .\nelse\n  echo \"warning: SwiftFormat not installed, download from https://github.com/nicklockwood/SwiftFormat\"\nfi\n";
		};
/* End PBXShellScriptBuildPhase section */

/* Begin PBXSourcesBuildPhase section */
		04DAD10E29104BB100450FF0 /* Sources */ = {
			isa = PBXSourcesBuildPhase;
			buildActionMask = 2147483647;
			files = (
				046DC32A291443A600EE7E86 /* Group.swift in Sources */,
				044DB4E62911AAA800E4D595 /* UITextField+Extension.swift in Sources */,
				0432A99129145B9E00F5083F /* AvailableGroupTableViewCell.swift in Sources */,
				048E334A29132B2600BB1B47 /* FriendPhotoCollectionViewCell.swift in Sources */,
				04DAD11A29104BB100450FF0 /* SignInViewController.swift in Sources */,
				04DAD11629104BB100450FF0 /* AppDelegate.swift in Sources */,
				046DC32E2914452A00EE7E86 /* GroupTableViewController.swift in Sources */,
				048E3342291311C400BB1B47 /* FriendsTableViewCell.swift in Sources */,
				044DB4E82912C8E100E4D595 /* UIViewController+Extension.swift in Sources */,
				048E33442913125E00BB1B47 /* FriendsTableViewController.swift in Sources */,
				0432A99929149DCC00F5083F /* LikeControl.swift in Sources */,
				04DAD11829104BB100450FF0 /* SceneDelegate.swift in Sources */,
				048E334829132AB100BB1B47 /* FriendPhotosCollectionViewController.swift in Sources */,
				046DC33029144B5000EE7E86 /* GroupTableViewCell.swift in Sources */,
				048E3346291315C400BB1B47 /* User.swift in Sources */,
				0432A9972914919C00F5083F /* FriendView.swift in Sources */,
				0432A98F2914598100F5083F /* AvailableGroupTableViewController.swift in Sources */,
			);
			runOnlyForDeploymentPostprocessing = 0;
		};
/* End PBXSourcesBuildPhase section */

/* Begin PBXVariantGroup section */
		04DAD11B29104BB100450FF0 /* Main.storyboard */ = {
			isa = PBXVariantGroup;
			children = (
				04DAD11C29104BB100450FF0 /* Base */,
			);
			name = Main.storyboard;
			sourceTree = "<group>";
		};
		04DAD12029104BB400450FF0 /* LaunchScreen.storyboard */ = {
			isa = PBXVariantGroup;
			children = (
				04DAD12129104BB400450FF0 /* Base */,
			);
			name = LaunchScreen.storyboard;
			sourceTree = "<group>";
		};
/* End PBXVariantGroup section */

/* Begin XCBuildConfiguration section */
		04DAD12429104BB400450FF0 /* Debug */ = {
			isa = XCBuildConfiguration;
			buildSettings = {
				ALWAYS_SEARCH_USER_PATHS = NO;
				CLANG_ANALYZER_NONNULL = YES;
				CLANG_ANALYZER_NUMBER_OBJECT_CONVERSION = YES_AGGRESSIVE;
				CLANG_CXX_LANGUAGE_STANDARD = "gnu++20";
				CLANG_ENABLE_MODULES = YES;
				CLANG_ENABLE_OBJC_ARC = YES;
				CLANG_ENABLE_OBJC_WEAK = YES;
				CLANG_WARN_BLOCK_CAPTURE_AUTORELEASING = YES;
				CLANG_WARN_BOOL_CONVERSION = YES;
				CLANG_WARN_COMMA = YES;
				CLANG_WARN_CONSTANT_CONVERSION = YES;
				CLANG_WARN_DEPRECATED_OBJC_IMPLEMENTATIONS = YES;
				CLANG_WARN_DIRECT_OBJC_ISA_USAGE = YES_ERROR;
				CLANG_WARN_DOCUMENTATION_COMMENTS = YES;
				CLANG_WARN_EMPTY_BODY = YES;
				CLANG_WARN_ENUM_CONVERSION = YES;
				CLANG_WARN_INFINITE_RECURSION = YES;
				CLANG_WARN_INT_CONVERSION = YES;
				CLANG_WARN_NON_LITERAL_NULL_CONVERSION = YES;
				CLANG_WARN_OBJC_IMPLICIT_RETAIN_SELF = YES;
				CLANG_WARN_OBJC_LITERAL_CONVERSION = YES;
				CLANG_WARN_OBJC_ROOT_CLASS = YES_ERROR;
				CLANG_WARN_QUOTED_INCLUDE_IN_FRAMEWORK_HEADER = YES;
				CLANG_WARN_RANGE_LOOP_ANALYSIS = YES;
				CLANG_WARN_STRICT_PROTOTYPES = YES;
				CLANG_WARN_SUSPICIOUS_MOVE = YES;
				CLANG_WARN_UNGUARDED_AVAILABILITY = YES_AGGRESSIVE;
				CLANG_WARN_UNREACHABLE_CODE = YES;
				CLANG_WARN__DUPLICATE_METHOD_MATCH = YES;
				COPY_PHASE_STRIP = NO;
				DEBUG_INFORMATION_FORMAT = dwarf;
				ENABLE_STRICT_OBJC_MSGSEND = YES;
				ENABLE_TESTABILITY = YES;
				GCC_C_LANGUAGE_STANDARD = gnu11;
				GCC_DYNAMIC_NO_PIC = NO;
				GCC_NO_COMMON_BLOCKS = YES;
				GCC_OPTIMIZATION_LEVEL = 0;
				GCC_PREPROCESSOR_DEFINITIONS = (
					"DEBUG=1",
					"$(inherited)",
				);
				GCC_WARN_64_TO_32_BIT_CONVERSION = YES;
				GCC_WARN_ABOUT_RETURN_TYPE = YES_ERROR;
				GCC_WARN_UNDECLARED_SELECTOR = YES;
				GCC_WARN_UNINITIALIZED_AUTOS = YES_AGGRESSIVE;
				GCC_WARN_UNUSED_FUNCTION = YES;
				GCC_WARN_UNUSED_VARIABLE = YES;
				IPHONEOS_DEPLOYMENT_TARGET = 16.0;
				MTL_ENABLE_DEBUG_INFO = INCLUDE_SOURCE;
				MTL_FAST_MATH = YES;
				ONLY_ACTIVE_ARCH = YES;
				SDKROOT = iphoneos;
				SWIFT_ACTIVE_COMPILATION_CONDITIONS = DEBUG;
				SWIFT_OPTIMIZATION_LEVEL = "-Onone";
			};
			name = Debug;
		};
		04DAD12529104BB400450FF0 /* Release */ = {
			isa = XCBuildConfiguration;
			buildSettings = {
				ALWAYS_SEARCH_USER_PATHS = NO;
				CLANG_ANALYZER_NONNULL = YES;
				CLANG_ANALYZER_NUMBER_OBJECT_CONVERSION = YES_AGGRESSIVE;
				CLANG_CXX_LANGUAGE_STANDARD = "gnu++20";
				CLANG_ENABLE_MODULES = YES;
				CLANG_ENABLE_OBJC_ARC = YES;
				CLANG_ENABLE_OBJC_WEAK = YES;
				CLANG_WARN_BLOCK_CAPTURE_AUTORELEASING = YES;
				CLANG_WARN_BOOL_CONVERSION = YES;
				CLANG_WARN_COMMA = YES;
				CLANG_WARN_CONSTANT_CONVERSION = YES;
				CLANG_WARN_DEPRECATED_OBJC_IMPLEMENTATIONS = YES;
				CLANG_WARN_DIRECT_OBJC_ISA_USAGE = YES_ERROR;
				CLANG_WARN_DOCUMENTATION_COMMENTS = YES;
				CLANG_WARN_EMPTY_BODY = YES;
				CLANG_WARN_ENUM_CONVERSION = YES;
				CLANG_WARN_INFINITE_RECURSION = YES;
				CLANG_WARN_INT_CONVERSION = YES;
				CLANG_WARN_NON_LITERAL_NULL_CONVERSION = YES;
				CLANG_WARN_OBJC_IMPLICIT_RETAIN_SELF = YES;
				CLANG_WARN_OBJC_LITERAL_CONVERSION = YES;
				CLANG_WARN_OBJC_ROOT_CLASS = YES_ERROR;
				CLANG_WARN_QUOTED_INCLUDE_IN_FRAMEWORK_HEADER = YES;
				CLANG_WARN_RANGE_LOOP_ANALYSIS = YES;
				CLANG_WARN_STRICT_PROTOTYPES = YES;
				CLANG_WARN_SUSPICIOUS_MOVE = YES;
				CLANG_WARN_UNGUARDED_AVAILABILITY = YES_AGGRESSIVE;
				CLANG_WARN_UNREACHABLE_CODE = YES;
				CLANG_WARN__DUPLICATE_METHOD_MATCH = YES;
				COPY_PHASE_STRIP = NO;
				DEBUG_INFORMATION_FORMAT = "dwarf-with-dsym";
				ENABLE_NS_ASSERTIONS = NO;
				ENABLE_STRICT_OBJC_MSGSEND = YES;
				GCC_C_LANGUAGE_STANDARD = gnu11;
				GCC_NO_COMMON_BLOCKS = YES;
				GCC_WARN_64_TO_32_BIT_CONVERSION = YES;
				GCC_WARN_ABOUT_RETURN_TYPE = YES_ERROR;
				GCC_WARN_UNDECLARED_SELECTOR = YES;
				GCC_WARN_UNINITIALIZED_AUTOS = YES_AGGRESSIVE;
				GCC_WARN_UNUSED_FUNCTION = YES;
				GCC_WARN_UNUSED_VARIABLE = YES;
				IPHONEOS_DEPLOYMENT_TARGET = 16.0;
				MTL_ENABLE_DEBUG_INFO = NO;
				MTL_FAST_MATH = YES;
				SDKROOT = iphoneos;
				SWIFT_COMPILATION_MODE = wholemodule;
				SWIFT_OPTIMIZATION_LEVEL = "-O";
				VALIDATE_PRODUCT = YES;
			};
			name = Release;
		};
		04DAD12729104BB400450FF0 /* Debug */ = {
			isa = XCBuildConfiguration;
			buildSettings = {
				ASSETCATALOG_COMPILER_APPICON_NAME = AppIcon;
				ASSETCATALOG_COMPILER_GLOBAL_ACCENT_COLOR_NAME = AccentColor;
				CODE_SIGN_STYLE = Automatic;
				CURRENT_PROJECT_VERSION = 1;
				DEVELOPMENT_TEAM = 6X5KZHS6W2;
				GENERATE_INFOPLIST_FILE = YES;
				INFOPLIST_FILE = RoadMap_VK/Info.plist;
				INFOPLIST_KEY_UIApplicationSupportsIndirectInputEvents = YES;
				INFOPLIST_KEY_UILaunchStoryboardName = LaunchScreen;
				INFOPLIST_KEY_UIMainStoryboardFile = Main;
				INFOPLIST_KEY_UISupportedInterfaceOrientations_iPad = "UIInterfaceOrientationPortrait UIInterfaceOrientationPortraitUpsideDown UIInterfaceOrientationLandscapeLeft UIInterfaceOrientationLandscapeRight";
				INFOPLIST_KEY_UISupportedInterfaceOrientations_iPhone = "UIInterfaceOrientationPortrait UIInterfaceOrientationLandscapeLeft UIInterfaceOrientationLandscapeRight";
				IPHONEOS_DEPLOYMENT_TARGET = 13.0;
				LD_RUNPATH_SEARCH_PATHS = (
					"$(inherited)",
					"@executable_path/Frameworks",
				);
				MARKETING_VERSION = 1.0;
				PRODUCT_BUNDLE_IDENTIFIER = "Renbern.RoadMap-VK";
				PRODUCT_NAME = "$(TARGET_NAME)";
				SWIFT_EMIT_LOC_STRINGS = YES;
				SWIFT_VERSION = 5.0;
				TARGETED_DEVICE_FAMILY = "1,2";
			};
			name = Debug;
		};
		04DAD12829104BB400450FF0 /* Release */ = {
			isa = XCBuildConfiguration;
			buildSettings = {
				ASSETCATALOG_COMPILER_APPICON_NAME = AppIcon;
				ASSETCATALOG_COMPILER_GLOBAL_ACCENT_COLOR_NAME = AccentColor;
				CODE_SIGN_STYLE = Automatic;
				CURRENT_PROJECT_VERSION = 1;
				DEVELOPMENT_TEAM = 6X5KZHS6W2;
				GENERATE_INFOPLIST_FILE = YES;
				INFOPLIST_FILE = RoadMap_VK/Info.plist;
				INFOPLIST_KEY_UIApplicationSupportsIndirectInputEvents = YES;
				INFOPLIST_KEY_UILaunchStoryboardName = LaunchScreen;
				INFOPLIST_KEY_UIMainStoryboardFile = Main;
				INFOPLIST_KEY_UISupportedInterfaceOrientations_iPad = "UIInterfaceOrientationPortrait UIInterfaceOrientationPortraitUpsideDown UIInterfaceOrientationLandscapeLeft UIInterfaceOrientationLandscapeRight";
				INFOPLIST_KEY_UISupportedInterfaceOrientations_iPhone = "UIInterfaceOrientationPortrait UIInterfaceOrientationLandscapeLeft UIInterfaceOrientationLandscapeRight";
				IPHONEOS_DEPLOYMENT_TARGET = 13.0;
				LD_RUNPATH_SEARCH_PATHS = (
					"$(inherited)",
					"@executable_path/Frameworks",
				);
				MARKETING_VERSION = 1.0;
				PRODUCT_BUNDLE_IDENTIFIER = "Renbern.RoadMap-VK";
				PRODUCT_NAME = "$(TARGET_NAME)";
				SWIFT_EMIT_LOC_STRINGS = YES;
				SWIFT_VERSION = 5.0;
				TARGETED_DEVICE_FAMILY = "1,2";
			};
			name = Release;
		};
/* End XCBuildConfiguration section */

/* Begin XCConfigurationList section */
		04DAD10D29104BB100450FF0 /* Build configuration list for PBXProject "RoadMap_VK" */ = {
			isa = XCConfigurationList;
			buildConfigurations = (
				04DAD12429104BB400450FF0 /* Debug */,
				04DAD12529104BB400450FF0 /* Release */,
			);
			defaultConfigurationIsVisible = 0;
			defaultConfigurationName = Release;
		};
		04DAD12629104BB400450FF0 /* Build configuration list for PBXNativeTarget "RoadMap_VK" */ = {
			isa = XCConfigurationList;
			buildConfigurations = (
				04DAD12729104BB400450FF0 /* Debug */,
				04DAD12829104BB400450FF0 /* Release */,
			);
			defaultConfigurationIsVisible = 0;
			defaultConfigurationName = Release;
		};
/* End XCConfigurationList section */
	};
	rootObject = 04DAD10A29104BB100450FF0 /* Project object */;
}
